<?xml version="1.0" encoding="utf-8"?>
<Project ToolsVersion="4.0" xmlns="http://schemas.microsoft.com/developer/msbuild/2003">
  <ItemGroup>
    <Filter Include="源文件">
      <UniqueIdentifier>{4FC737F1-C7A5-4376-A066-2A32D752A2FF}</UniqueIdentifier>
      <Extensions>cpp;c;cc;cxx;def;odl;idl;hpj;bat;asm;asmx</Extensions>
    </Filter>
    <Filter Include="头文件">
      <UniqueIdentifier>{93995380-89BD-4b04-88EB-625FBE52EBFB}</UniqueIdentifier>
      <Extensions>h;hpp;hxx;hm;inl;inc;xsd</Extensions>
    </Filter>
    <Filter Include="资源文件">
      <UniqueIdentifier>{67DA6AB6-F800-4c08-8B7A-83BB121AAD01}</UniqueIdentifier>
      <Extensions>rc;ico;cur;bmp;dlg;rc2;rct;bin;rgs;gif;jpg;jpeg;jpe;resx;tiff;tif;png;wav</Extensions>
    </Filter>
  </ItemGroup>
  <ItemGroup>
    <ClCompile Include="colour.cpp">
      <Filter>源文件</Filter>
    </ClCompile>
    <ClCompile Include="ColourRect.cpp">
      <Filter>源文件</Filter>
    </ClCompile>
    <ClCompile Include="ComponentBase.cpp">
      <Filter>源文件</Filter>
    </ClCompile>
    <ClCompile Include="Mouduls\parsers\ExpatParser.cpp">
      <Filter>源文件</Filter>
    </ClCompile>
    <ClCompile Include="extportsoarEngineDLL.cpp">
      <Filter>源文件</Filter>
    </ClCompile>
    <ClCompile Include="FrameComponent.cpp">
      <Filter>源文件</Filter>
    </ClCompile>
    <ClCompile Include="Image.cpp">
      <Filter>源文件</Filter>
    </ClCompile>
    <ClCompile Include="ImageDim.cpp">
      <Filter>源文件</Filter>
    </ClCompile>
    <ClCompile Include="ImageryComponent.cpp">
      <Filter>源文件</Filter>
    </ClCompile>
    <ClCompile Include="ImagerySection.cpp">
      <Filter>源文件</Filter>
    </ClCompile>
    <ClCompile Include="Imageset.cpp">
      <Filter>源文件</Filter>
    </ClCompile>
    <ClCompile Include="XMLHandler\Imageset_xmlHandler.cpp">
      <Filter>源文件</Filter>
    </ClCompile>
    <ClCompile Include="ImagesetManager.cpp">
      <Filter>源文件</Filter>
    </ClCompile>
    <ClCompile Include="threads\ImageSetThread.cpp">
      <Filter>源文件</Filter>
    </ClCompile>
    <ClCompile Include="LayerDesc.cpp">
      <Filter>源文件</Filter>
    </ClCompile>
    <ClCompile Include="LeeDUIResource_XMLHandler.cpp">
      <Filter>源文件</Filter>
    </ClCompile>
    <ClCompile Include="soarEngine.cpp">
      <Filter>源文件</Filter>
    </ClCompile>
    <ClCompile Include="soarXMLHelper.cpp">
      <Filter>源文件</Filter>
    </ClCompile>
    <ClCompile Include="NamedArea.cpp">
      <Filter>源文件</Filter>
    </ClCompile>
    <ClCompile Include="objectReferentBase.cpp">
      <Filter>源文件</Filter>
    </ClCompile>
    <ClCompile Include="Mouduls\PluginAnyManager.cpp">
      <Filter>源文件</Filter>
    </ClCompile>
    <ClCompile Include="Mouduls\PluginManager.cpp">
      <Filter>源文件</Filter>
    </ClCompile>
    <ClCompile Include="Propertys\Property.cpp">
      <Filter>源文件</Filter>
    </ClCompile>
    <ClCompile Include="Propertys\PropertyDefinition.cpp">
      <Filter>源文件</Filter>
    </ClCompile>
    <ClCompile Include="Propertys\PropertyHelper.cpp">
      <Filter>源文件</Filter>
    </ClCompile>
    <ClCompile Include="Propertys\PropertyInitialiser.cpp">
      <Filter>源文件</Filter>
    </ClCompile>
    <ClCompile Include="ResourceDirectory.cpp">
      <Filter>源文件</Filter>
    </ClCompile>
    <ClCompile Include="ResourcesManager.cpp">
      <Filter>源文件</Filter>
    </ClCompile>
    <ClCompile Include="SectionDesc.cpp">
      <Filter>源文件</Filter>
    </ClCompile>
    <ClCompile Include="StateImagery.cpp">
      <Filter>源文件</Filter>
    </ClCompile>
    <ClCompile Include="TextComponent.cpp">
      <Filter>源文件</Filter>
    </ClCompile>
    <ClCompile Include="Handler\Texture_xmlHandler.cpp">
      <Filter>源文件</Filter>
    </ClCompile>
    <ClCompile Include="Texture\TextureImpl.cpp">
      <Filter>源文件</Filter>
    </ClCompile>
    <ClCompile Include="Texture\TextureManager.cpp">
      <Filter>源文件</Filter>
    </ClCompile>
    <ClCompile Include="Texture\TexturePackage.cpp">
      <Filter>源文件</Filter>
    </ClCompile>
    <ClCompile Include="threads\TextureThread.cpp">
      <Filter>源文件</Filter>
    </ClCompile>
    <ClCompile Include="Handler\Theme_xmlHandler.cpp">
      <Filter>源文件</Filter>
    </ClCompile>
    <ClCompile Include="Widgetslook\WidgetLook.cpp">
      <Filter>源文件</Filter>
    </ClCompile>
    <ClCompile Include="Handler\Widgetlook_xmlHandler.cpp">
      <Filter>源文件</Filter>
    </ClCompile>
    <ClCompile Include="Widgetslook\WidgetLookManager.cpp">
      <Filter>源文件</Filter>
    </ClCompile>
    <ClCompile Include="Widgetslook\WidgetlookPackage.cpp">
      <Filter>源文件</Filter>
    </ClCompile>
    <ClCompile Include="threads\WidgetlookThread.cpp">
      <Filter>源文件</Filter>
    </ClCompile>
    <ClCompile Include="Theme\WidgetTheme.cpp">
      <Filter>源文件</Filter>
    </ClCompile>
    <ClCompile Include="Theme\WidgetThemeManager.cpp">
      <Filter>源文件</Filter>
    </ClCompile>
    <ClCompile Include="Propertys\XmlProperty.cpp">
      <Filter>源文件</Filter>
    </ClCompile>
    <ClCompile Include="..\threadpool\leeDynamicLink.cpp">
      <Filter>源文件</Filter>
    </ClCompile>
    <ClCompile Include="..\threadpool\leePathPlug.cpp">
      <Filter>源文件</Filter>
    </ClCompile>
    <ClCompile Include="..\threadpool\leePluginMgr.cpp">
      <Filter>源文件</Filter>
    </ClCompile>
    <ClCompile Include="Widgetslook\WidgetLookExp.cpp">
      <Filter>源文件</Filter>
    </ClCompile>
  </ItemGroup>
  <ItemGroup>
    <ClInclude Include="colour.h">
      <Filter>头文件</Filter>
    </ClInclude>
    <ClInclude Include="ColourRect.h">
      <Filter>头文件</Filter>
    </ClInclude>
    <ClInclude Include="Image.h">
      <Filter>头文件</Filter>
    </ClInclude>
    <ClInclude Include="ImageDim.h">
      <Filter>头文件</Filter>
    </ClInclude>
    <ClInclude Include="Imageset.h">
      <Filter>头文件</Filter>
    </ClInclude>
    <ClInclude Include="ImagesetManager.h">
      <Filter>头文件</Filter>
    </ClInclude>
    <ClInclude Include="ImageSetThread.h">
      <Filter>头文件</Filter>
    </ClInclude>
    <ClInclude Include="LeeDUIResource_XMLHandler.h">
      <Filter>头文件</Filter>
    </ClInclude>
    <ClInclude Include="soarEngine.h">
      <Filter>头文件</Filter>
    </ClInclude>
    <ClInclude Include="NamedArea.h">
      <Filter>头文件</Filter>
    </ClInclude>
  </ItemGroup>
</Project>